{
  "requires": true,
  "lockfileVersion": 1,
  "dependencies": {
    "@aws-cdk/assets": {
      "version": "1.73.0",
      "resolved": "https://registry.npmjs.org/@aws-cdk/assets/-/assets-1.73.0.tgz",
      "integrity": "sha512-fAdRAWn/IWbalMZva86Q4BimYrwipSoqPzyC5d6fwxNmJU/QiFLMpILanS1T9a0a+yjqAqk+8pAXn44lZIOlPQ==",
      "requires": {
        "@aws-cdk/core": "1.73.0",
        "@aws-cdk/cx-api": "1.73.0",
        "constructs": "^3.2.0"
      }
    },
    "@aws-cdk/aws-applicationautoscaling": {
      "version": "1.73.0",
      "resolved": "https://registry.npmjs.org/@aws-cdk/aws-applicationautoscaling/-/aws-applicationautoscaling-1.73.0.tgz",
      "integrity": "sha512-ROJPuj+PyrYa7/P6JoTrsFs8WMxKra1yuXZJ3r0iTrnAgCDAVCVpzmiF3Uwqw6rip1o63ZLT3fxxMeJBb2wL7Q==",
      "requires": {
        "@aws-cdk/aws-autoscaling-common": "1.73.0",
        "@aws-cdk/aws-cloudwatch": "1.73.0",
        "@aws-cdk/aws-iam": "1.73.0",
        "@aws-cdk/core": "1.73.0",
        "constructs": "^3.2.0"
      }
    },
    "@aws-cdk/aws-autoscaling-common": {
      "version": "1.73.0",
      "resolved": "https://registry.npmjs.org/@aws-cdk/aws-autoscaling-common/-/aws-autoscaling-common-1.73.0.tgz",
      "integrity": "sha512-AJf9F9X/ktSMLj/NaX0ccPXr7VlDR6CTycpEgJZU4qbXqIW/LhIDkAhH15CNV38WYQnVDkVSQgDNfCtGaeHTqA==",
      "requires": {
        "@aws-cdk/aws-iam": "1.73.0",
        "@aws-cdk/core": "1.73.0",
        "constructs": "^3.2.0"
      }
    },
    "@aws-cdk/aws-cloudformation": {
      "version": "1.73.0",
      "resolved": "https://registry.npmjs.org/@aws-cdk/aws-cloudformation/-/aws-cloudformation-1.73.0.tgz",
      "integrity": "sha512-q53ozxFc8fgjd1B9At4ehlvG3LKuZ9D2ajG8QgR95Lpk8YR5a8ydM2HvoHTTvwFSoy6nCXVUQc0fcPMvzgpGdA==",
      "requires": {
        "@aws-cdk/aws-iam": "1.73.0",
        "@aws-cdk/aws-lambda": "1.73.0",
        "@aws-cdk/aws-s3": "1.73.0",
        "@aws-cdk/aws-sns": "1.73.0",
        "@aws-cdk/core": "1.73.0",
        "@aws-cdk/cx-api": "1.73.0",
        "constructs": "^3.2.0"
      }
    },
    "@aws-cdk/aws-cloudwatch": {
      "version": "1.73.0",
      "resolved": "https://registry.npmjs.org/@aws-cdk/aws-cloudwatch/-/aws-cloudwatch-1.73.0.tgz",
      "integrity": "sha512-H6MQVtJfKAJyE6DRHe71ivFu9OjhH32VtsJUZ1xuQ/pyeoQlOQ6fj0FIjz4ObG3qDBq72SBfrbPAQ3q+2g3HfA==",
      "requires": {
        "@aws-cdk/aws-iam": "1.73.0",
        "@aws-cdk/core": "1.73.0",
        "constructs": "^3.2.0"
      }
    },
    "@aws-cdk/aws-codeguruprofiler": {
      "version": "1.73.0",
      "resolved": "https://registry.npmjs.org/@aws-cdk/aws-codeguruprofiler/-/aws-codeguruprofiler-1.73.0.tgz",
      "integrity": "sha512-WcJjCT+4zd3v4E1nWUagpHKWVIafM4vMe+4DAcBXZbhqXww1yyXUxf1A08uc7zQGko3hvIoHp41maAiT5G6/nw==",
      "requires": {
        "@aws-cdk/aws-iam": "1.73.0",
        "@aws-cdk/core": "1.73.0",
        "constructs": "^3.2.0"
      }
    },
    "@aws-cdk/aws-dynamodb": {
      "version": "1.73.0",
      "resolved": "https://registry.npmjs.org/@aws-cdk/aws-dynamodb/-/aws-dynamodb-1.73.0.tgz",
      "integrity": "sha512-Ie4Y1LQyMxXsD8FhS7De6QyGilEqYr2PQ3jKrqEgIXUcT3jqvzuZsMsukT5CAEDEJrMlvat3mX46A3VVqrO9zw==",
      "requires": {
        "@aws-cdk/aws-applicationautoscaling": "1.73.0",
        "@aws-cdk/aws-cloudwatch": "1.73.0",
        "@aws-cdk/aws-iam": "1.73.0",
        "@aws-cdk/aws-kms": "1.73.0",
        "@aws-cdk/aws-lambda": "1.73.0",
        "@aws-cdk/core": "1.73.0",
        "@aws-cdk/custom-resources": "1.73.0",
        "constructs": "^3.2.0"
      }
    },
    "@aws-cdk/aws-ec2": {
      "version": "1.73.0",
      "resolved": "https://registry.npmjs.org/@aws-cdk/aws-ec2/-/aws-ec2-1.73.0.tgz",
      "integrity": "sha512-XjGcHaVlaJNorXv8qrRt7k8rPLE8yV1SAJWHY/SIf7NzIg9Y6lFV0eVkBU5RINfuD9GIW8YbgtLGE5ZpfZ5YkA==",
      "requires": {
        "@aws-cdk/aws-cloudwatch": "1.73.0",
        "@aws-cdk/aws-iam": "1.73.0",
        "@aws-cdk/aws-kms": "1.73.0",
        "@aws-cdk/aws-logs": "1.73.0",
        "@aws-cdk/aws-s3": "1.73.0",
        "@aws-cdk/aws-s3-assets": "1.73.0",
        "@aws-cdk/aws-ssm": "1.73.0",
        "@aws-cdk/cloud-assembly-schema": "1.73.0",
        "@aws-cdk/core": "1.73.0",
        "@aws-cdk/cx-api": "1.73.0",
        "@aws-cdk/region-info": "1.73.0",
        "constructs": "^3.2.0"
      }
    },
    "@aws-cdk/aws-efs": {
      "version": "1.73.0",
      "resolved": "https://registry.npmjs.org/@aws-cdk/aws-efs/-/aws-efs-1.73.0.tgz",
      "integrity": "sha512-sWUU+nhJ78T5tElLy7BqUrlXj4kGv43nrkWE5+jbTaLRFEpJPM6fMuWfzcJGfkqpbppjc/aySyCPbvEcWb7bDQ==",
      "requires": {
        "@aws-cdk/aws-ec2": "1.73.0",
        "@aws-cdk/aws-kms": "1.73.0",
        "@aws-cdk/cloud-assembly-schema": "1.73.0",
        "@aws-cdk/core": "1.73.0",
        "@aws-cdk/cx-api": "1.73.0",
        "constructs": "^3.2.0"
      }
    },
    "@aws-cdk/aws-events": {
      "version": "1.73.0",
      "resolved": "https://registry.npmjs.org/@aws-cdk/aws-events/-/aws-events-1.73.0.tgz",
      "integrity": "sha512-CvOAIAt00xCWKC2U96NAgA8xIkzrNkwalCXk3RIRjz9xEVge5w3lQ7Hy6lSSbhyTfxQV01bppZO2ExaeAKOjOg==",
      "requires": {
        "@aws-cdk/aws-iam": "1.73.0",
        "@aws-cdk/core": "1.73.0",
        "constructs": "^3.2.0"
      }
    },
    "@aws-cdk/aws-iam": {
      "version": "1.73.0",
      "resolved": "https://registry.npmjs.org/@aws-cdk/aws-iam/-/aws-iam-1.73.0.tgz",
      "integrity": "sha512-o2pdkEEdwluZegLqlbhfK0zgIbezvKDf5UfwBKloeFSDcGOZAaqF25OPfrTowXkIakHbw2wMswbUlmUgYdmNFg==",
      "requires": {
        "@aws-cdk/core": "1.73.0",
        "@aws-cdk/region-info": "1.73.0",
        "constructs": "^3.2.0"
      }
    },
    "@aws-cdk/aws-kms": {
      "version": "1.73.0",
      "resolved": "https://registry.npmjs.org/@aws-cdk/aws-kms/-/aws-kms-1.73.0.tgz",
      "integrity": "sha512-4aQRGBktM1IYqM0Qa/yio1/sjNuokMdLQNrjTVxyX+AZE2/zPqARe+Gm6sFpPJ9Is8oy0YzecP80QZSCnWpCnQ==",
      "requires": {
        "@aws-cdk/aws-iam": "1.73.0",
        "@aws-cdk/core": "1.73.0",
        "constructs": "^3.2.0"
      }
    },
    "@aws-cdk/aws-lambda": {
      "version": "1.73.0",
      "resolved": "https://registry.npmjs.org/@aws-cdk/aws-lambda/-/aws-lambda-1.73.0.tgz",
      "integrity": "sha512-ffw/hK1DbbSXklry4sDmJ+c+dX3Zl+I9DsYNjf0h2aonEKZo+g7ItAhVzr5s1kDnKatlEJTNOw1Kdpn20vFZHg==",
      "requires": {
        "@aws-cdk/aws-applicationautoscaling": "1.73.0",
        "@aws-cdk/aws-cloudwatch": "1.73.0",
        "@aws-cdk/aws-codeguruprofiler": "1.73.0",
        "@aws-cdk/aws-ec2": "1.73.0",
        "@aws-cdk/aws-efs": "1.73.0",
        "@aws-cdk/aws-events": "1.73.0",
        "@aws-cdk/aws-iam": "1.73.0",
        "@aws-cdk/aws-logs": "1.73.0",
        "@aws-cdk/aws-s3": "1.73.0",
        "@aws-cdk/aws-s3-assets": "1.73.0",
        "@aws-cdk/aws-sqs": "1.73.0",
        "@aws-cdk/core": "1.73.0",
        "@aws-cdk/cx-api": "1.73.0",
        "constructs": "^3.2.0"
      }
    },
    "@aws-cdk/aws-logs": {
      "version": "1.73.0",
      "resolved": "https://registry.npmjs.org/@aws-cdk/aws-logs/-/aws-logs-1.73.0.tgz",
      "integrity": "sha512-pn/JUpz49nmP81rOW66S36HbBF+RCKDWyN+rQ671zr62T9EPJuRLWxbdahcnAN1eqyCsZEs9PpCvTnacj9ue7w==",
      "requires": {
        "@aws-cdk/aws-cloudwatch": "1.73.0",
        "@aws-cdk/aws-iam": "1.73.0",
        "@aws-cdk/aws-s3-assets": "1.73.0",
        "@aws-cdk/core": "1.73.0",
        "constructs": "^3.2.0"
      }
    },
    "@aws-cdk/aws-s3": {
      "version": "1.73.0",
      "resolved": "https://registry.npmjs.org/@aws-cdk/aws-s3/-/aws-s3-1.73.0.tgz",
      "integrity": "sha512-n0PuTBhqFxRfvGHhWk54R2hfS24b5DFkqP2PvTIwRFCBqmSUnRLF8I+GZ4c6RNxfVfDSzQBcGvfuCuNTL1KZLQ==",
      "requires": {
        "@aws-cdk/aws-events": "1.73.0",
        "@aws-cdk/aws-iam": "1.73.0",
        "@aws-cdk/aws-kms": "1.73.0",
        "@aws-cdk/core": "1.73.0",
        "constructs": "^3.2.0"
      }
    },
    "@aws-cdk/aws-s3-assets": {
      "version": "1.73.0",
      "resolved": "https://registry.npmjs.org/@aws-cdk/aws-s3-assets/-/aws-s3-assets-1.73.0.tgz",
      "integrity": "sha512-CvxEIBOOj7tYMrMimPSsbtQ4OOurhUIiNIhM38gisTXYgSchKTeDzKJAbalfYOZSNJNEx1wMNL/+oKV/gDtrHQ==",
      "requires": {
        "@aws-cdk/assets": "1.73.0",
        "@aws-cdk/aws-iam": "1.73.0",
        "@aws-cdk/aws-kms": "1.73.0",
        "@aws-cdk/aws-s3": "1.73.0",
        "@aws-cdk/core": "1.73.0",
        "@aws-cdk/cx-api": "1.73.0",
        "constructs": "^3.2.0"
      }
    },
    "@aws-cdk/aws-sns": {
      "version": "1.73.0",
      "resolved": "https://registry.npmjs.org/@aws-cdk/aws-sns/-/aws-sns-1.73.0.tgz",
      "integrity": "sha512-Ovo39L+u2zozgd2NQZp67BEfmYoIanfaE00RCAXp1pSm3IGt3OjfXbWuaiyLwMUUex866+MNkQ9Hr4WO/0mRsw==",
      "requires": {
        "@aws-cdk/aws-cloudwatch": "1.73.0",
        "@aws-cdk/aws-events": "1.73.0",
        "@aws-cdk/aws-iam": "1.73.0",
        "@aws-cdk/aws-kms": "1.73.0",
        "@aws-cdk/aws-sqs": "1.73.0",
        "@aws-cdk/core": "1.73.0",
        "constructs": "^3.2.0"
      }
    },
    "@aws-cdk/aws-sqs": {
      "version": "1.73.0",
      "resolved": "https://registry.npmjs.org/@aws-cdk/aws-sqs/-/aws-sqs-1.73.0.tgz",
      "integrity": "sha512-15stNsRYY165Vvx/io6TnTSMHar10diLa2k2BTiL+PNzl18SfEIOoTy97PCvJp9AK2Ob9dyQwwjsiutTU56IbA==",
      "requires": {
        "@aws-cdk/aws-cloudwatch": "1.73.0",
        "@aws-cdk/aws-iam": "1.73.0",
        "@aws-cdk/aws-kms": "1.73.0",
        "@aws-cdk/core": "1.73.0",
        "constructs": "^3.2.0"
      }
    },
    "@aws-cdk/aws-ssm": {
      "version": "1.73.0",
      "resolved": "https://registry.npmjs.org/@aws-cdk/aws-ssm/-/aws-ssm-1.73.0.tgz",
      "integrity": "sha512-6fobpaL7hh0My/aypd7DHQ+sLuPcb7Taj8ngjmoh8H0muiAkfj4O0CjN3cd+kCYRr8T4zRh546ypvFfsc9WEHQ==",
      "requires": {
        "@aws-cdk/aws-iam": "1.73.0",
        "@aws-cdk/aws-kms": "1.73.0",
        "@aws-cdk/cloud-assembly-schema": "1.73.0",
        "@aws-cdk/core": "1.73.0",
        "constructs": "^3.2.0"
      }
    },
    "@aws-cdk/cloud-assembly-schema": {
      "version": "1.73.0",
      "resolved": "https://registry.npmjs.org/@aws-cdk/cloud-assembly-schema/-/cloud-assembly-schema-1.73.0.tgz",
      "integrity": "sha512-3m5nJDLSApAuUMra2WrQF7GHt6xgxqFET91WShtKtj48brZk4MBJ3dLre2LjDVsmMMOVdd6FpjY7tE5C1v9Hyw==",
      "requires": {
        "jsonschema": "^1.4.0",
        "semver": "^7.3.2"
      },
      "dependencies": {
        "jsonschema": {
          "version": "1.4.0",
          "bundled": true
        },
        "semver": {
          "version": "7.3.2",
          "bundled": true
        }
      }
    },
    "@aws-cdk/core": {
      "version": "1.73.0",
      "resolved": "https://registry.npmjs.org/@aws-cdk/core/-/core-1.73.0.tgz",
      "integrity": "sha512-CTmUXo0hAH78/uvzfmgW4gQKLnusMxULIEUjd0wnfs/6/zoB6n2DP+lmkr/7Vp4aIG9nNNirThdHesidlx79eA==",
      "requires": {
        "@aws-cdk/cloud-assembly-schema": "1.73.0",
        "@aws-cdk/cx-api": "1.73.0",
        "@aws-cdk/region-info": "1.73.0",
        "@balena/dockerignore": "^1.0.2",
        "constructs": "^3.2.0",
        "fs-extra": "^9.0.1",
        "ignore": "^5.1.8",
        "minimatch": "^3.0.4"
      },
      "dependencies": {
        "@balena/dockerignore": {
          "version": "1.0.2",
          "bundled": true
        },
        "at-least-node": {
          "version": "1.0.0",
          "bundled": true
        },
        "balanced-match": {
          "version": "1.0.0",
          "bundled": true
        },
        "brace-expansion": {
          "version": "1.1.11",
          "bundled": true,
          "requires": {
            "balanced-match": "^1.0.0",
            "concat-map": "0.0.1"
          }
        },
        "concat-map": {
          "version": "0.0.1",
          "bundled": true
        },
        "fs-extra": {
          "version": "9.0.1",
          "bundled": true,
          "requires": {
            "at-least-node": "^1.0.0",
            "graceful-fs": "^4.2.0",
            "jsonfile": "^6.0.1",
            "universalify": "^1.0.0"
          }
        },
        "graceful-fs": {
          "version": "4.2.4",
          "bundled": true
        },
        "ignore": {
          "version": "5.1.8",
          "bundled": true
        },
        "jsonfile": {
          "version": "6.0.1",
          "bundled": true,
          "requires": {
            "graceful-fs": "^4.1.6",
            "universalify": "^1.0.0"
          }
        },
        "minimatch": {
          "version": "3.0.4",
          "bundled": true,
          "requires": {
            "brace-expansion": "^1.1.7"
          }
        },
        "universalify": {
          "version": "1.0.0",
          "bundled": true
        }
      }
    },
    "@aws-cdk/custom-resources": {
      "version": "1.73.0",
      "resolved": "https://registry.npmjs.org/@aws-cdk/custom-resources/-/custom-resources-1.73.0.tgz",
      "integrity": "sha512-WiRNwrDVNwJMoWbekRFAMcR6J/C6W71rZF19QGbfcWzOm0FxLUAkcWOIIgn0IR7XxbkVdefe3RyK3YSDXDr7uA==",
      "requires": {
        "@aws-cdk/aws-cloudformation": "1.73.0",
        "@aws-cdk/aws-iam": "1.73.0",
        "@aws-cdk/aws-lambda": "1.73.0",
        "@aws-cdk/aws-logs": "1.73.0",
        "@aws-cdk/aws-sns": "1.73.0",
        "@aws-cdk/core": "1.73.0",
        "constructs": "^3.2.0"
      }
    },
    "@aws-cdk/cx-api": {
      "version": "1.73.0",
      "resolved": "https://registry.npmjs.org/@aws-cdk/cx-api/-/cx-api-1.73.0.tgz",
      "integrity": "sha512-HlBpbIGu71xXdfJ1De1/HOMK5LWzKK9J7REho0oncpAO9KDxAbk+1aOFUZJVEgTsJSUUzLMSIUtDIo+ev70HGA==",
      "requires": {
        "@aws-cdk/cloud-assembly-schema": "1.73.0",
        "semver": "^7.3.2"
      },
      "dependencies": {
        "semver": {
          "version": "7.3.2",
          "bundled": true
        }
      }
    },
    "@aws-cdk/region-info": {
      "version": "1.73.0",
      "resolved": "https://registry.npmjs.org/@aws-cdk/region-info/-/region-info-1.73.0.tgz",
      "integrity": "sha512-jWfx5mY3BaCVeFnbdUxrDTczVTuwShdtu3WkV2vL+W3VnUMzLPKbCPiGY8GutSBlWvoFpubsbVqx8Kw61pRgdQ=="
    },
    "constructs": {
      "version": "3.2.25",
      "resolved": "https://registry.npmjs.org/constructs/-/constructs-3.2.25.tgz",
      "integrity": "sha512-CTjjeA2Lk71R0z0agDvaspcKB5WdwzeQgA8v30fSgqfX0xMj0DhJ6AcmCwWnVOvYUuTMnU7Qv05tcJKR4sSqwQ=="
    }
  }
}
